
Microsoft Visual Studio Solution File, Format Version 12.00
# Visual Studio 15
VisualStudioVersion = 15.0.27130.2027
MinimumVisualStudioVersion = 10.0.40219.1
Project("{9A19103F-16F7-4668-BE54-9A1E7A4F7556}") = "CounterService.Runner", "CounterService.Runner\CounterService.Runner.csproj", "{F4B548DD-80FA-4270-BD9D-5CA02868191E}"
EndProject
Project("{A07B5EB6-E848-4116-A8D0-A826331D98C6}") = "CounterActorApp", "CounterActorApp\CounterActorApp.sfproj", "{37BF3F1A-B580-4902-8C3F-6F16659120DB}"
EndProject
Project("{FAE04EC0-301F-11D3-BF4B-00C04F79EFBC}") = "CounterService", "CounterService\CounterService.csproj", "{D1AF0319-1684-4339-8B16-5CD53B869BE3}"
EndProject
Project("{FAE04EC0-301F-11D3-BF4B-00C04F79EFBC}") = "CounterService.Interfaces", "CounterService.Interfaces\CounterService.Interfaces.csproj", "{149BFA3A-90C5-4CEF-BEED-862961A8D80F}"
EndProject
Global
	GlobalSection(SolutionConfigurationPlatforms) = preSolution
		Debug|Any CPU = Debug|Any CPU
		Debug|x64 = Debug|x64
		Release|Any CPU = Release|Any CPU
		Release|x64 = Release|x64
	EndGlobalSection
	GlobalSection(ProjectConfigurationPlatforms) = postSolution
		{F4B548DD-80FA-4270-BD9D-5CA02868191E}.Debug|Any CPU.ActiveCfg = Debug|Any CPU
		{F4B548DD-80FA-4270-BD9D-5CA02868191E}.Debug|Any CPU.Build.0 = Debug|Any CPU
		{F4B548DD-80FA-4270-BD9D-5CA02868191E}.Debug|x64.ActiveCfg = Debug|Any CPU
		{F4B548DD-80FA-4270-BD9D-5CA02868191E}.Debug|x64.Build.0 = Debug|Any CPU
		{F4B548DD-80FA-4270-BD9D-5CA02868191E}.Release|Any CPU.ActiveCfg = Release|Any CPU
		{F4B548DD-80FA-4270-BD9D-5CA02868191E}.Release|Any CPU.Build.0 = Release|Any CPU
		{F4B548DD-80FA-4270-BD9D-5CA02868191E}.Release|x64.ActiveCfg = Release|Any CPU
		{F4B548DD-80FA-4270-BD9D-5CA02868191E}.Release|x64.Build.0 = Release|Any CPU
		{37BF3F1A-B580-4902-8C3F-6F16659120DB}.Debug|Any CPU.ActiveCfg = Debug|x64
		{37BF3F1A-B580-4902-8C3F-6F16659120DB}.Debug|x64.ActiveCfg = Debug|x64
		{37BF3F1A-B580-4902-8C3F-6F16659120DB}.Debug|x64.Build.0 = Debug|x64
		{37BF3F1A-B580-4902-8C3F-6F16659120DB}.Debug|x64.Deploy.0 = Debug|x64
		{37BF3F1A-B580-4902-8C3F-6F16659120DB}.Release|Any CPU.ActiveCfg = Release|x64
		{37BF3F1A-B580-4902-8C3F-6F16659120DB}.Release|x64.ActiveCfg = Release|x64
		{37BF3F1A-B580-4902-8C3F-6F16659120DB}.Release|x64.Build.0 = Release|x64
		{37BF3F1A-B580-4902-8C3F-6F16659120DB}.Release|x64.Deploy.0 = Release|x64
		{D1AF0319-1684-4339-8B16-5CD53B869BE3}.Debug|Any CPU.ActiveCfg = Debug|Any CPU
		{D1AF0319-1684-4339-8B16-5CD53B869BE3}.Debug|Any CPU.Build.0 = Debug|Any CPU
		{D1AF0319-1684-4339-8B16-5CD53B869BE3}.Debug|x64.ActiveCfg = Debug|Any CPU
		{D1AF0319-1684-4339-8B16-5CD53B869BE3}.Debug|x64.Build.0 = Debug|Any CPU
		{D1AF0319-1684-4339-8B16-5CD53B869BE3}.Release|Any CPU.ActiveCfg = Release|Any CPU
		{D1AF0319-1684-4339-8B16-5CD53B869BE3}.Release|Any CPU.Build.0 = Release|Any CPU
		{D1AF0319-1684-4339-8B16-5CD53B869BE3}.Release|x64.ActiveCfg = Release|Any CPU
		{D1AF0319-1684-4339-8B16-5CD53B869BE3}.Release|x64.Build.0 = Release|Any CPU
		{149BFA3A-90C5-4CEF-BEED-862961A8D80F}.Debug|Any CPU.ActiveCfg = Debug|Any CPU
		{149BFA3A-90C5-4CEF-BEED-862961A8D80F}.Debug|Any CPU.Build.0 = Debug|Any CPU
		{149BFA3A-90C5-4CEF-BEED-862961A8D80F}.Debug|x64.ActiveCfg = Debug|Any CPU
		{149BFA3A-90C5-4CEF-BEED-862961A8D80F}.Debug|x64.Build.0 = Debug|Any CPU
		{149BFA3A-90C5-4CEF-BEED-862961A8D80F}.Release|Any CPU.ActiveCfg = Release|Any CPU
		{149BFA3A-90C5-4CEF-BEED-862961A8D80F}.Release|Any CPU.Build.0 = Release|Any CPU
		{149BFA3A-90C5-4CEF-BEED-862961A8D80F}.Release|x64.ActiveCfg = Release|Any CPU
		{149BFA3A-90C5-4CEF-BEED-862961A8D80F}.Release|x64.Build.0 = Release|Any CPU
	EndGlobalSection
	GlobalSection(SolutionProperties) = preSolution
		HideSolutionNode = FALSE
	EndGlobalSection
	GlobalSection(ExtensibilityGlobals) = postSolution
		SolutionGuid = {98624E9C-34A4-4B75-9A5E-EF1E2CA12A81}
	EndGlobalSection
EndGlobal
